// !$*UTF8*$!
{
	archiveVersion = 1;
	classes = {
	};
	objectVersion = 50;
	objects = {

/* Begin PBXBuildFile section */
		B0A92AC82293321000374CF0 /* AppDelegate.swift in Sources */ = {isa = PBXBuildFile; fileRef = B0A92AC72293321000374CF0 /* AppDelegate.swift */; };
		B0A92ACD2293321000374CF0 /* Main.storyboard in Resources */ = {isa = PBXBuildFile; fileRef = B0A92ACB2293321000374CF0 /* Main.storyboard */; };
		B0A92ACF2293321100374CF0 /* Assets.xcassets in Resources */ = {isa = PBXBuildFile; fileRef = B0A92ACE2293321100374CF0 /* Assets.xcassets */; };
		B0A92AD22293321100374CF0 /* LaunchScreen.storyboard in Resources */ = {isa = PBXBuildFile; fileRef = B0A92AD02293321100374CF0 /* LaunchScreen.storyboard */; };
		B0A92ADD2293321100374CF0 /* FaresTests.swift in Sources */ = {isa = PBXBuildFile; fileRef = B0A92ADC2293321100374CF0 /* FaresTests.swift */; };
		B0A92AEC2293330B00374CF0 /* fares-response.json in Resources */ = {isa = PBXBuildFile; fileRef = B0A92AEB2293330B00374CF0 /* fares-response.json */; };
		B0A92AEE2293334D00374CF0 /* Fares.swift in Sources */ = {isa = PBXBuildFile; fileRef = B0A92AED2293334D00374CF0 /* Fares.swift */; };
		B0A92AF32293476100374CF0 /* RiderViewController.swift in Sources */ = {isa = PBXBuildFile; fileRef = B0A92AF22293476100374CF0 /* RiderViewController.swift */; };
		B0A92AF5229347A800374CF0 /* ModelConfigurable.swift in Sources */ = {isa = PBXBuildFile; fileRef = B0A92AF4229347A800374CF0 /* ModelConfigurable.swift */; };
		B0A92AF722934A1400374CF0 /* RiderCell.swift in Sources */ = {isa = PBXBuildFile; fileRef = B0A92AF622934A1400374CF0 /* RiderCell.swift */; };
		B0A92AF922934CCA00374CF0 /* FareViewController.swift in Sources */ = {isa = PBXBuildFile; fileRef = B0A92AF822934CCA00374CF0 /* FareViewController.swift */; };
		B0A92AFB22934CDB00374CF0 /* FareCell.swift in Sources */ = {isa = PBXBuildFile; fileRef = B0A92AFA22934CDB00374CF0 /* FareCell.swift */; };
		B0A92AFD22934D7C00374CF0 /* NumberFormatter+Fare.swift in Sources */ = {isa = PBXBuildFile; fileRef = B0A92AFC22934D7C00374CF0 /* NumberFormatter+Fare.swift */; };
		B0A92AFF2293501600374CF0 /* PurchaseViewController.swift in Sources */ = {isa = PBXBuildFile; fileRef = B0A92AFE2293501600374CF0 /* PurchaseViewController.swift */; };
		B0A92B012293506600374CF0 /* Purchase.swift in Sources */ = {isa = PBXBuildFile; fileRef = B0A92B002293506600374CF0 /* Purchase.swift */; };
/* End PBXBuildFile section */

/* Begin PBXContainerItemProxy section */
		B0A92AD92293321100374CF0 /* PBXContainerItemProxy */ = {
			isa = PBXContainerItemProxy;
			containerPortal = B0A92ABC2293320F00374CF0 /* Project object */;
			proxyType = 1;
			remoteGlobalIDString = B0A92AC32293321000374CF0;
			remoteInfo = "Simple Mobile Ticketing Task";
		};
/* End PBXContainerItemProxy section */

/* Begin PBXFileReference section */
		B0A92AC42293321000374CF0 /* Simple Mobile Ticketing Task.app */ = {isa = PBXFileReference; explicitFileType = wrapper.application; includeInIndex = 0; path = "Simple Mobile Ticketing Task.app"; sourceTree = BUILT_PRODUCTS_DIR; };
		B0A92AC72293321000374CF0 /* AppDelegate.swift */ = {isa = PBXFileReference; lastKnownFileType = sourcecode.swift; path = AppDelegate.swift; sourceTree = "<group>"; };
		B0A92ACC2293321000374CF0 /* Base */ = {isa = PBXFileReference; lastKnownFileType = file.storyboard; name = Base; path = Base.lproj/Main.storyboard; sourceTree = "<group>"; };
		B0A92ACE2293321100374CF0 /* Assets.xcassets */ = {isa = PBXFileReference; lastKnownFileType = folder.assetcatalog; path = Assets.xcassets; sourceTree = "<group>"; };
		B0A92AD12293321100374CF0 /* Base */ = {isa = PBXFileReference; lastKnownFileType = file.storyboard; name = Base; path = Base.lproj/LaunchScreen.storyboard; sourceTree = "<group>"; };
		B0A92AD32293321100374CF0 /* Info.plist */ = {isa = PBXFileReference; lastKnownFileType = text.plist.xml; path = Info.plist; sourceTree = "<group>"; };
		B0A92AD82293321100374CF0 /* Simple Mobile Ticketing TaskTests.xctest */ = {isa = PBXFileReference; explicitFileType = wrapper.cfbundle; includeInIndex = 0; path = "Simple Mobile Ticketing TaskTests.xctest"; sourceTree = BUILT_PRODUCTS_DIR; };
		B0A92ADC2293321100374CF0 /* FaresTests.swift */ = {isa = PBXFileReference; lastKnownFileType = sourcecode.swift; path = FaresTests.swift; sourceTree = "<group>"; };
		B0A92ADE2293321100374CF0 /* Info.plist */ = {isa = PBXFileReference; lastKnownFileType = text.plist.xml; path = Info.plist; sourceTree = "<group>"; };
		B0A92AEB2293330B00374CF0 /* fares-response.json */ = {isa = PBXFileReference; lastKnownFileType = text.json; path = "fares-response.json"; sourceTree = "<group>"; };
		B0A92AED2293334D00374CF0 /* Fares.swift */ = {isa = PBXFileReference; lastKnownFileType = sourcecode.swift; path = Fares.swift; sourceTree = "<group>"; };
		B0A92AF22293476100374CF0 /* RiderViewController.swift */ = {isa = PBXFileReference; lastKnownFileType = sourcecode.swift; path = RiderViewController.swift; sourceTree = "<group>"; };
		B0A92AF4229347A800374CF0 /* ModelConfigurable.swift */ = {isa = PBXFileReference; lastKnownFileType = sourcecode.swift; path = ModelConfigurable.swift; sourceTree = "<group>"; };
		B0A92AF622934A1400374CF0 /* RiderCell.swift */ = {isa = PBXFileReference; lastKnownFileType = sourcecode.swift; path = RiderCell.swift; sourceTree = "<group>"; };
		B0A92AF822934CCA00374CF0 /* FareViewController.swift */ = {isa = PBXFileReference; lastKnownFileType = sourcecode.swift; path = FareViewController.swift; sourceTree = "<group>"; };
		B0A92AFA22934CDB00374CF0 /* FareCell.swift */ = {isa = PBXFileReference; lastKnownFileType = sourcecode.swift; path = FareCell.swift; sourceTree = "<group>"; };
		B0A92AFC22934D7C00374CF0 /* NumberFormatter+Fare.swift */ = {isa = PBXFileReference; lastKnownFileType = sourcecode.swift; path = "NumberFormatter+Fare.swift"; sourceTree = "<group>"; };
		B0A92AFE2293501600374CF0 /* PurchaseViewController.swift */ = {isa = PBXFileReference; lastKnownFileType = sourcecode.swift; path = PurchaseViewController.swift; sourceTree = "<group>"; };
		B0A92B002293506600374CF0 /* Purchase.swift */ = {isa = PBXFileReference; lastKnownFileType = sourcecode.swift; path = Purchase.swift; sourceTree = "<group>"; };
		B0A92B022293590F00374CF0 /* README.md */ = {isa = PBXFileReference; lastKnownFileType = net.daringfireball.markdown; name = README.md; path = ../../README.md; sourceTree = "<group>"; };
/* End PBXFileReference section */

/* Begin PBXFrameworksBuildPhase section */
		B0A92AC12293321000374CF0 /* Frameworks */ = {
			isa = PBXFrameworksBuildPhase;
			buildActionMask = 2147483647;
			files = (
			);
			runOnlyForDeploymentPostprocessing = 0;
		};
		B0A92AD52293321100374CF0 /* Frameworks */ = {
			isa = PBXFrameworksBuildPhase;
			buildActionMask = 2147483647;
			files = (
			);
			runOnlyForDeploymentPostprocessing = 0;
		};
/* End PBXFrameworksBuildPhase section */

/* Begin PBXGroup section */
		B0A92ABB2293320F00374CF0 = {
			isa = PBXGroup;
			children = (
				B0A92AC62293321000374CF0 /* Simple Mobile Ticketing Task */,
				B0A92ADB2293321100374CF0 /* Simple Mobile Ticketing TaskTests */,
				B0A92AC52293321000374CF0 /* Products */,
			);
			sourceTree = "<group>";
		};
		B0A92AC52293321000374CF0 /* Products */ = {
			isa = PBXGroup;
			children = (
				B0A92AC42293321000374CF0 /* Simple Mobile Ticketing Task.app */,
				B0A92AD82293321100374CF0 /* Simple Mobile Ticketing TaskTests.xctest */,
			);
			name = Products;
			sourceTree = "<group>";
		};
		B0A92AC62293321000374CF0 /* Simple Mobile Ticketing Task */ = {
			isa = PBXGroup;
			children = (
				B0A92B022293590F00374CF0 /* README.md */,
				B0A92AE8229332AF00374CF0 /* Bootstrap */,
				B0A92AF02293472900374CF0 /* Fare View Controller */,
				B0A92AE72293329E00374CF0 /* Model */,
				B0A92AF12293473100374CF0 /* Purchase View Controller */,
				B0A92AE9229332CF00374CF0 /* Resources */,
				B0A92AEF2293471A00374CF0 /* Rider View Controller */,
				B0A92AEA229332DF00374CF0 /* Shared */,
			);
			path = "Simple Mobile Ticketing Task";
			sourceTree = "<group>";
		};
		B0A92ADB2293321100374CF0 /* Simple Mobile Ticketing TaskTests */ = {
			isa = PBXGroup;
			children = (
				B0A92ADC2293321100374CF0 /* FaresTests.swift */,
				B0A92ADE2293321100374CF0 /* Info.plist */,
			);
			path = "Simple Mobile Ticketing TaskTests";
			sourceTree = "<group>";
		};
		B0A92AE72293329E00374CF0 /* Model */ = {
			isa = PBXGroup;
			children = (
				B0A92AED2293334D00374CF0 /* Fares.swift */,
				B0A92B002293506600374CF0 /* Purchase.swift */,
			);
			path = Model;
			sourceTree = "<group>";
		};
		B0A92AE8229332AF00374CF0 /* Bootstrap */ = {
			isa = PBXGroup;
			children = (
				B0A92AC72293321000374CF0 /* AppDelegate.swift */,
				B0A92AD02293321100374CF0 /* LaunchScreen.storyboard */,
			);
			path = Bootstrap;
			sourceTree = "<group>";
		};
		B0A92AE9229332CF00374CF0 /* Resources */ = {
			isa = PBXGroup;
			children = (
				B0A92ACE2293321100374CF0 /* Assets.xcassets */,
				B0A92AD32293321100374CF0 /* Info.plist */,
				B0A92AEB2293330B00374CF0 /* fares-response.json */,
			);
			path = Resources;
			sourceTree = "<group>";
		};
		B0A92AEA229332DF00374CF0 /* Shared */ = {
			isa = PBXGroup;
			children = (
				B0A92ACB2293321000374CF0 /* Main.storyboard */,
				B0A92AF4229347A800374CF0 /* ModelConfigurable.swift */,
			);
			path = Shared;
			sourceTree = "<group>";
		};
		B0A92AEF2293471A00374CF0 /* Rider View Controller */ = {
			isa = PBXGroup;
			children = (
				B0A92AF22293476100374CF0 /* RiderViewController.swift */,
				B0A92AF622934A1400374CF0 /* RiderCell.swift */,
			);
			path = "Rider View Controller";
			sourceTree = "<group>";
		};
		B0A92AF02293472900374CF0 /* Fare View Controller */ = {
			isa = PBXGroup;
			children = (
				B0A92AFA22934CDB00374CF0 /* FareCell.swift */,
				B0A92AF822934CCA00374CF0 /* FareViewController.swift */,
				B0A92AFC22934D7C00374CF0 /* NumberFormatter+Fare.swift */,
			);
			path = "Fare View Controller";
			sourceTree = "<group>";
		};
		B0A92AF12293473100374CF0 /* Purchase View Controller */ = {
			isa = PBXGroup;
			children = (
				B0A92AFE2293501600374CF0 /* PurchaseViewController.swift */,
			);
			path = "Purchase View Controller";
			sourceTree = "<group>";
		};
/* End PBXGroup section */

/* Begin PBXNativeTarget section */
		B0A92AC32293321000374CF0 /* Simple Mobile Ticketing Task */ = {
			isa = PBXNativeTarget;
			buildConfigurationList = B0A92AE12293321100374CF0 /* Build configuration list for PBXNativeTarget "Simple Mobile Ticketing Task" */;
			buildPhases = (
				B0A92AC02293321000374CF0 /* Sources */,
				B0A92AC12293321000374CF0 /* Frameworks */,
				B0A92AC22293321000374CF0 /* Resources */,
			);
			buildRules = (
			);
			dependencies = (
			);
			name = "Simple Mobile Ticketing Task";
			productName = "Simple Mobile Ticketing Task";
			productReference = B0A92AC42293321000374CF0 /* Simple Mobile Ticketing Task.app */;
			productType = "com.apple.product-type.application";
		};
		B0A92AD72293321100374CF0 /* Simple Mobile Ticketing TaskTests */ = {
			isa = PBXNativeTarget;
			buildConfigurationList = B0A92AE42293321100374CF0 /* Build configuration list for PBXNativeTarget "Simple Mobile Ticketing TaskTests" */;
			buildPhases = (
				B0A92AD42293321100374CF0 /* Sources */,
				B0A92AD52293321100374CF0 /* Frameworks */,
				B0A92AD62293321100374CF0 /* Resources */,
			);
			buildRules = (
			);
			dependencies = (
				B0A92ADA2293321100374CF0 /* PBXTargetDependency */,
			);
			name = "Simple Mobile Ticketing TaskTests";
			productName = "Simple Mobile Ticketing TaskTests";
			productReference = B0A92AD82293321100374CF0 /* Simple Mobile Ticketing TaskTests.xctest */;
			productType = "com.apple.product-type.bundle.unit-test";
		};
/* End PBXNativeTarget section */

/* Begin PBXProject section */
		B0A92ABC2293320F00374CF0 /* Project object */ = {
			isa = PBXProject;
			attributes = {
				LastSwiftUpdateCheck = 1020;
				LastUpgradeCheck = 1020;
				ORGANIZATIONNAME = "postmechanical, LLC";
				TargetAttributes = {
					B0A92AC32293321000374CF0 = {
						CreatedOnToolsVersion = 10.2;
					};
					B0A92AD72293321100374CF0 = {
						CreatedOnToolsVersion = 10.2;
						TestTargetID = B0A92AC32293321000374CF0;
					};
				};
			};
			buildConfigurationList = B0A92ABF2293320F00374CF0 /* Build configuration list for PBXProject "Simple Mobile Ticketing Task" */;
			compatibilityVersion = "Xcode 9.3";
			developmentRegion = en;
			hasScannedForEncodings = 0;
			knownRegions = (
				en,
				Base,
			);
			mainGroup = B0A92ABB2293320F00374CF0;
			productRefGroup = B0A92AC52293321000374CF0 /* Products */;
			projectDirPath = "";
			projectRoot = "";
			targets = (
				B0A92AC32293321000374CF0 /* Simple Mobile Ticketing Task */,
				B0A92AD72293321100374CF0 /* Simple Mobile Ticketing TaskTests */,
			);
		};
/* End PBXProject section */

/* Begin PBXResourcesBuildPhase section */
		B0A92AC22293321000374CF0 /* Resources */ = {
			isa = PBXResourcesBuildPhase;
			buildActionMask = 2147483647;
			files = (
				B0A92AD22293321100374CF0 /* LaunchScreen.storyboard in Resources */,
				B0A92ACF2293321100374CF0 /* Assets.xcassets in Resources */,
				B0A92ACD2293321000374CF0 /* Main.storyboard in Resources */,
				B0A92AEC2293330B00374CF0 /* fares-response.json in Resources */,
			);
			runOnlyForDeploymentPostprocessing = 0;
		};
		B0A92AD62293321100374CF0 /* Resources */ = {
			isa = PBXResourcesBuildPhase;
			buildActionMask = 2147483647;
			files = (
			);
			runOnlyForDeploymentPostprocessing = 0;
		};
/* End PBXResourcesBuildPhase section */

/* Begin PBXSourcesBuildPhase section */
		B0A92AC02293321000374CF0 /* Sources */ = {
			isa = PBXSourcesBuildPhase;
			buildActionMask = 2147483647;
			files = (
				B0A92AF5229347A800374CF0 /* ModelConfigurable.swift in Sources */,
				B0A92AF722934A1400374CF0 /* RiderCell.swift in Sources */,
				B0A92AFF2293501600374CF0 /* PurchaseViewController.swift in Sources */,
				B0A92AFB22934CDB00374CF0 /* FareCell.swift in Sources */,
				B0A92AFD22934D7C00374CF0 /* NumberFormatter+Fare.swift in Sources */,
				B0A92AC82293321000374CF0 /* AppDelegate.swift in Sources */,
				B0A92B012293506600374CF0 /* Purchase.swift in Sources */,
				B0A92AF32293476100374CF0 /* RiderViewController.swift in Sources */,
				B0A92AF922934CCA00374CF0 /* FareViewController.swift in Sources */,
				B0A92AEE2293334D00374CF0 /* Fares.swift in Sources */,
			);
			runOnlyForDeploymentPostprocessing = 0;
		};
		B0A92AD42293321100374CF0 /* Sources */ = {
			isa = PBXSourcesBuildPhase;
			buildActionMask = 2147483647;
			files = (
				B0A92ADD2293321100374CF0 /* FaresTests.swift in Sources */,
			);
			runOnlyForDeploymentPostprocessing = 0;
		};
/* End PBXSourcesBuildPhase section */

/* Begin PBXTargetDependency section */
		B0A92ADA2293321100374CF0 /* PBXTargetDependency */ = {
			isa = PBXTargetDependency;
			target = B0A92AC32293321000374CF0 /* Simple Mobile Ticketing Task */;
			targetProxy = B0A92AD92293321100374CF0 /* PBXContainerItemProxy */;
		};
/* End PBXTargetDependency section */

/* Begin PBXVariantGroup section */
		B0A92ACB2293321000374CF0 /* Main.storyboard */ = {
			isa = PBXVariantGroup;
			children = (
				B0A92ACC2293321000374CF0 /* Base */,
			);
			name = Main.storyboard;
			sourceTree = "<group>";
		};
		B0A92AD02293321100374CF0 /* LaunchScreen.storyboard */ = {
			isa = PBXVariantGroup;
			children = (
				B0A92AD12293321100374CF0 /* Base */,
			);
			name = LaunchScreen.storyboard;
			sourceTree = "<group>";
		};
/* End PBXVariantGroup section */

/* Begin XCBuildConfiguration section */
		B0A92ADF2293321100374CF0 /* Debug */ = {
			isa = XCBuildConfiguration;
			buildSettings = {
				ALWAYS_SEARCH_USER_PATHS = NO;
				CLANG_ANALYZER_NONNULL = YES;
				CLANG_ANALYZER_NUMBER_OBJECT_CONVERSION = YES_AGGRESSIVE;
				CLANG_CXX_LANGUAGE_STANDARD = "gnu++14";
				CLANG_CXX_LIBRARY = "libc++";
				CLANG_ENABLE_MODULES = YES;
				CLANG_ENABLE_OBJC_ARC = YES;
				CLANG_ENABLE_OBJC_WEAK = YES;
				CLANG_WARN_BLOCK_CAPTURE_AUTORELEASING = YES;
				CLANG_WARN_BOOL_CONVERSION = YES;
				CLANG_WARN_COMMA = YES;
				CLANG_WARN_CONSTANT_CONVERSION = YES;
				CLANG_WARN_DEPRECATED_OBJC_IMPLEMENTATIONS = YES;
				CLANG_WARN_DIRECT_OBJC_ISA_USAGE = YES_ERROR;
				CLANG_WARN_DOCUMENTATION_COMMENTS = YES;
				CLANG_WARN_EMPTY_BODY = YES;
				CLANG_WARN_ENUM_CONVERSION = YES;
				CLANG_WARN_INFINITE_RECURSION = YES;
				CLANG_WARN_INT_CONVERSION = YES;
				CLANG_WARN_NON_LITERAL_NULL_CONVERSION = YES;
				CLANG_WARN_OBJC_IMPLICIT_RETAIN_SELF = YES;
				CLANG_WARN_OBJC_LITERAL_CONVERSION = YES;
				CLANG_WARN_OBJC_ROOT_CLASS = YES_ERROR;
				CLANG_WARN_RANGE_LOOP_ANALYSIS = YES;
				CLANG_WARN_STRICT_PROTOTYPES = YES;
				CLANG_WARN_SUSPICIOUS_MOVE = YES;
				CLANG_WARN_UNGUARDED_AVAILABILITY = YES_AGGRESSIVE;
				CLANG_WARN_UNREACHABLE_CODE = YES;
				CLANG_WARN__DUPLICATE_METHOD_MATCH = YES;
				CODE_SIGN_IDENTITY = "iPhone Developer";
				COPY_PHASE_STRIP = NO;
				DEBUG_INFORMATION_FORMAT = dwarf;
				ENABLE_STRICT_OBJC_MSGSEND = YES;
				ENABLE_TESTABILITY = YES;
				GCC_C_LANGUAGE_STANDARD = gnu11;
				GCC_DYNAMIC_NO_PIC = NO;
				GCC_NO_COMMON_BLOCKS = YES;
				GCC_OPTIMIZATION_LEVEL = 0;
				GCC_PREPROCESSOR_DEFINITIONS = (
					"DEBUG=1",
					"$(inherited)",
				);
				GCC_WARN_64_TO_32_BIT_CONVERSION = YES;
				GCC_WARN_ABOUT_RETURN_TYPE = YES_ERROR;
				GCC_WARN_UNDECLARED_SELECTOR = YES;
				GCC_WARN_UNINITIALIZED_AUTOS = YES_AGGRESSIVE;
				GCC_WARN_UNUSED_FUNCTION = YES;
				GCC_WARN_UNUSED_VARIABLE = YES;
				IPHONEOS_DEPLOYMENT_TARGET = 12.2;
				MTL_ENABLE_DEBUG_INFO = INCLUDE_SOURCE;
				MTL_FAST_MATH = YES;
				ONLY_ACTIVE_ARCH = YES;
				SDKROOT = iphoneos;
				SWIFT_ACTIVE_COMPILATION_CONDITIONS = DEBUG;
				SWIFT_OPTIMIZATION_LEVEL = "-Onone";
			};
			name = Debug;
		};
		B0A92AE02293321100374CF0 /* Release */ = {
			isa = XCBuildConfiguration;
			buildSettings = {
				ALWAYS_SEARCH_USER_PATHS = NO;
				CLANG_ANALYZER_NONNULL = YES;
				CLANG_ANALYZER_NUMBER_OBJECT_CONVERSION = YES_AGGRESSIVE;
				CLANG_CXX_LANGUAGE_STANDARD = "gnu++14";
				CLANG_CXX_LIBRARY = "libc++";
				CLANG_ENABLE_MODULES = YES;
				CLANG_ENABLE_OBJC_ARC = YES;
				CLANG_ENABLE_OBJC_WEAK = YES;
				CLANG_WARN_BLOCK_CAPTURE_AUTORELEASING = YES;
				CLANG_WARN_BOOL_CONVERSION = YES;
				CLANG_WARN_COMMA = YES;
				CLANG_WARN_CONSTANT_CONVERSION = YES;
				CLANG_WARN_DEPRECATED_OBJC_IMPLEMENTATIONS = YES;
				CLANG_WARN_DIRECT_OBJC_ISA_USAGE = YES_ERROR;
				CLANG_WARN_DOCUMENTATION_COMMENTS = YES;
				CLANG_WARN_EMPTY_BODY = YES;
				CLANG_WARN_ENUM_CONVERSION = YES;
				CLANG_WARN_INFINITE_RECURSION = YES;
				CLANG_WARN_INT_CONVERSION = YES;
				CLANG_WARN_NON_LITERAL_NULL_CONVERSION = YES;
				CLANG_WARN_OBJC_IMPLICIT_RETAIN_SELF = YES;
				CLANG_WARN_OBJC_LITERAL_CONVERSION = YES;
				CLANG_WARN_OBJC_ROOT_CLASS = YES_ERROR;
				CLANG_WARN_RANGE_LOOP_ANALYSIS = YES;
				CLANG_WARN_STRICT_PROTOTYPES = YES;
				CLANG_WARN_SUSPICIOUS_MOVE = YES;
				CLANG_WARN_UNGUARDED_AVAILABILITY = YES_AGGRESSIVE;
				CLANG_WARN_UNREACHABLE_CODE = YES;
				CLANG_WARN__DUPLICATE_METHOD_MATCH = YES;
				CODE_SIGN_IDENTITY = "iPhone Developer";
				COPY_PHASE_STRIP = NO;
				DEBUG_INFORMATION_FORMAT = "dwarf-with-dsym";
				ENABLE_NS_ASSERTIONS = NO;
				ENABLE_STRICT_OBJC_MSGSEND = YES;
				GCC_C_LANGUAGE_STANDARD = gnu11;
				GCC_NO_COMMON_BLOCKS = YES;
				GCC_WARN_64_TO_32_BIT_CONVERSION = YES;
				GCC_WARN_ABOUT_RETURN_TYPE = YES_ERROR;
				GCC_WARN_UNDECLARED_SELECTOR = YES;
				GCC_WARN_UNINITIALIZED_AUTOS = YES_AGGRESSIVE;
				GCC_WARN_UNUSED_FUNCTION = YES;
				GCC_WARN_UNUSED_VARIABLE = YES;
				IPHONEOS_DEPLOYMENT_TARGET = 12.2;
				MTL_ENABLE_DEBUG_INFO = NO;
				MTL_FAST_MATH = YES;
				SDKROOT = iphoneos;
				SWIFT_COMPILATION_MODE = wholemodule;
				SWIFT_OPTIMIZATION_LEVEL = "-O";
				VALIDATE_PRODUCT = YES;
			};
			name = Release;
		};
		B0A92AE22293321100374CF0 /* Debug */ = {
			isa = XCBuildConfiguration;
			buildSettings = {
				ASSETCATALOG_COMPILER_APPICON_NAME = AppIcon;
				CODE_SIGN_STYLE = Automatic;
				DEVELOPMENT_TEAM = SZAUT969PA;
				INFOPLIST_FILE = "$(SRCROOT)/Simple Mobile Ticketing Task/Resources/Info.plist";
				LD_RUNPATH_SEARCH_PATHS = (
					"$(inherited)",
					"@executable_path/Frameworks",
				);
				PRODUCT_BUNDLE_IDENTIFIER = "com.postmechanical.Simple-Mobile-Ticketing-Task";
				PRODUCT_NAME = "$(TARGET_NAME)";
				SWIFT_VERSION = 5.0;
				TARGETED_DEVICE_FAMILY = "1,2";
			};
			name = Debug;
		};
		B0A92AE32293321100374CF0 /* Release */ = {
			isa = XCBuildConfiguration;
			buildSettings = {
				ASSETCATALOG_COMPILER_APPICON_NAME = AppIcon;
				CODE_SIGN_STYLE = Automatic;
				DEVELOPMENT_TEAM = SZAUT969PA;
				INFOPLIST_FILE = "$(SRCROOT)/Simple Mobile Ticketing Task/Resources/Info.plist";
				LD_RUNPATH_SEARCH_PATHS = (
					"$(inherited)",
					"@executable_path/Frameworks",
				);
				PRODUCT_BUNDLE_IDENTIFIER = "com.postmechanical.Simple-Mobile-Ticketing-Task";
				PRODUCT_NAME = "$(TARGET_NAME)";
				SWIFT_VERSION = 5.0;
				TARGETED_DEVICE_FAMILY = "1,2";
			};
			name = Release;
		};
		B0A92AE52293321100374CF0 /* Debug */ = {
			isa = XCBuildConfiguration;
			buildSettings = {
				ALWAYS_EMBED_SWIFT_STANDARD_LIBRARIES = YES;
				BUNDLE_LOADER = "$(TEST_HOST)";
				CODE_SIGN_STYLE = Automatic;
				DEVELOPMENT_TEAM = SZAUT969PA;
				INFOPLIST_FILE = "Simple Mobile Ticketing TaskTests/Info.plist";
				LD_RUNPATH_SEARCH_PATHS = (
					"$(inherited)",
					"@executable_path/Frameworks",
					"@loader_path/Frameworks",
				);
				PRODUCT_BUNDLE_IDENTIFIER = "com.postmechanical.Simple-Mobile-Ticketing-TaskTests";
				PRODUCT_NAME = "$(TARGET_NAME)";
				SWIFT_VERSION = 5.0;
				TARGETED_DEVICE_FAMILY = "1,2";
				TEST_HOST = "$(BUILT_PRODUCTS_DIR)/Simple Mobile Ticketing Task.app/Simple Mobile Ticketing Task";
			};
			name = Debug;
		};
		B0A92AE62293321100374CF0 /* Release */ = {
			isa = XCBuildConfiguration;
			buildSettings = {
				ALWAYS_EMBED_SWIFT_STANDARD_LIBRARIES = YES;
				BUNDLE_LOADER = "$(TEST_HOST)";
				CODE_SIGN_STYLE = Automatic;
				DEVELOPMENT_TEAM = SZAUT969PA;
				INFOPLIST_FILE = "Simple Mobile Ticketing TaskTests/Info.plist";
				LD_RUNPATH_SEARCH_PATHS = (
					"$(inherited)",
					"@executable_path/Frameworks",
					"@loader_path/Frameworks",
				);
				PRODUCT_BUNDLE_IDENTIFIER = "com.postmechanical.Simple-Mobile-Ticketing-TaskTests";
				PRODUCT_NAME = "$(TARGET_NAME)";
				SWIFT_VERSION = 5.0;
				TARGETED_DEVICE_FAMILY = "1,2";
				TEST_HOST = "$(BUILT_PRODUCTS_DIR)/Simple Mobile Ticketing Task.app/Simple Mobile Ticketing Task";
			};
			name = Release;
		};
/* End XCBuildConfiguration section */

/* Begin XCConfigurationList section */
		B0A92ABF2293320F00374CF0 /* Build configuration list for PBXProject "Simple Mobile Ticketing Task" */ = {
			isa = XCConfigurationList;
			buildConfigurations = (
				B0A92ADF2293321100374CF0 /* Debug */,
				B0A92AE02293321100374CF0 /* Release */,
			);
			defaultConfigurationIsVisible = 0;
			defaultConfigurationName = Release;
		};
		B0A92AE12293321100374CF0 /* Build configuration list for PBXNativeTarget "Simple Mobile Ticketing Task" */ = {
			isa = XCConfigurationList;
			buildConfigurations = (
				B0A92AE22293321100374CF0 /* Debug */,
				B0A92AE32293321100374CF0 /* Release */,
			);
			defaultConfigurationIsVisible = 0;
			defaultConfigurationName = Release;
		};
		B0A92AE42293321100374CF0 /* Build configuration list for PBXNativeTarget "Simple Mobile Ticketing TaskTests" */ = {
			isa = XCConfigurationList;
			buildConfigurations = (
				B0A92AE52293321100374CF0 /* Debug */,
				B0A92AE62293321100374CF0 /* Release */,
			);
			defaultConfigurationIsVisible = 0;
			defaultConfigurationName = Release;
		};
/* End XCConfigurationList section */
	};
	rootObject = B0A92ABC2293320F00374CF0 /* Project object */;
}
